// !$*UTF8*$!
{
	archiveVersion = 1;
	classes = {
	};
	objectVersion = 55;
	objects = {

/* Begin PBXBuildFile section */
		C97B85142811D9340087917C /* CoffeeMastersApp.swift in Sources */ = {isa = PBXBuildFile; fileRef = C97B85132811D9340087917C /* CoffeeMastersApp.swift */; };
		C97B85162811D9340087917C /* ContentView.swift in Sources */ = {isa = PBXBuildFile; fileRef = C97B85152811D9340087917C /* ContentView.swift */; };
		C97B85182811D9350087917C /* Assets.xcassets in Resources */ = {isa = PBXBuildFile; fileRef = C97B85172811D9350087917C /* Assets.xcassets */; };
		C97B851B2811D9350087917C /* Preview Assets.xcassets in Resources */ = {isa = PBXBuildFile; fileRef = C97B851A2811D9350087917C /* Preview Assets.xcassets */; };
		C97B85222811EB230087917C /* Offer.swift in Sources */ = {isa = PBXBuildFile; fileRef = C97B85212811EB230087917C /* Offer.swift */; };
		C97B85242811F2A40087917C /* OffersPage.swift in Sources */ = {isa = PBXBuildFile; fileRef = C97B85232811F2A40087917C /* OffersPage.swift */; };
		C97B85282811F9850087917C /* MenuPage.swift in Sources */ = {isa = PBXBuildFile; fileRef = C97B85272811F9850087917C /* MenuPage.swift */; };
		C97B852A2811F98F0087917C /* OrdersPage.swift in Sources */ = {isa = PBXBuildFile; fileRef = C97B85292811F98F0087917C /* OrdersPage.swift */; };
		C97B852C2811F9970087917C /* InfoPage.swift in Sources */ = {isa = PBXBuildFile; fileRef = C97B852B2811F9970087917C /* InfoPage.swift */; };
		C97B852E2811FA3B0087917C /* ProductItem.swift in Sources */ = {isa = PBXBuildFile; fileRef = C97B852D2811FA3B0087917C /* ProductItem.swift */; };
		C97B85302811FB650087917C /* DummyAPI.swift in Sources */ = {isa = PBXBuildFile; fileRef = C97B852F2811FB640087917C /* DummyAPI.swift */; };
		C97B85322811FBCB0087917C /* DetailsPage.swift in Sources */ = {isa = PBXBuildFile; fileRef = C97B85312811FBCB0087917C /* DetailsPage.swift */; };
		C97B85352811FDCC0087917C /* Category.swift in Sources */ = {isa = PBXBuildFile; fileRef = C97B85342811FDCC0087917C /* Category.swift */; };
		C97B85372811FDD40087917C /* Product.swift in Sources */ = {isa = PBXBuildFile; fileRef = C97B85362811FDD40087917C /* Product.swift */; };
		C97B85392811FFF80087917C /* MenuManager.swift in Sources */ = {isa = PBXBuildFile; fileRef = C97B85382811FFF80087917C /* MenuManager.swift */; };
		C97B853B281200110087917C /* CartManager.swift in Sources */ = {isa = PBXBuildFile; fileRef = C97B853A281200110087917C /* CartManager.swift */; };
		C97B853F281204090087917C /* OrderItem.swift in Sources */ = {isa = PBXBuildFile; fileRef = C97B853E281204090087917C /* OrderItem.swift */; };
		C97B8542281206610087917C /* Alamofire in Frameworks */ = {isa = PBXBuildFile; productRef = C97B8541281206610087917C /* Alamofire */; };
/* End PBXBuildFile section */

/* Begin PBXFileReference section */
		C97B85102811D9340087917C /* CoffeeMasters.app */ = {isa = PBXFileReference; explicitFileType = wrapper.application; includeInIndex = 0; path = CoffeeMasters.app; sourceTree = BUILT_PRODUCTS_DIR; };
		C97B85132811D9340087917C /* CoffeeMastersApp.swift */ = {isa = PBXFileReference; lastKnownFileType = sourcecode.swift; path = CoffeeMastersApp.swift; sourceTree = "<group>"; };
		C97B85152811D9340087917C /* ContentView.swift */ = {isa = PBXFileReference; lastKnownFileType = sourcecode.swift; path = ContentView.swift; sourceTree = "<group>"; };
		C97B85172811D9350087917C /* Assets.xcassets */ = {isa = PBXFileReference; lastKnownFileType = folder.assetcatalog; path = Assets.xcassets; sourceTree = "<group>"; };
		C97B851A2811D9350087917C /* Preview Assets.xcassets */ = {isa = PBXFileReference; lastKnownFileType = folder.assetcatalog; path = "Preview Assets.xcassets"; sourceTree = "<group>"; };
		C97B85212811EB230087917C /* Offer.swift */ = {isa = PBXFileReference; lastKnownFileType = sourcecode.swift; path = Offer.swift; sourceTree = "<group>"; };
		C97B85232811F2A40087917C /* OffersPage.swift */ = {isa = PBXFileReference; lastKnownFileType = sourcecode.swift; path = OffersPage.swift; sourceTree = "<group>"; };
		C97B85272811F9850087917C /* MenuPage.swift */ = {isa = PBXFileReference; lastKnownFileType = sourcecode.swift; path = MenuPage.swift; sourceTree = "<group>"; };
		C97B85292811F98F0087917C /* OrdersPage.swift */ = {isa = PBXFileReference; lastKnownFileType = sourcecode.swift; path = OrdersPage.swift; sourceTree = "<group>"; };
		C97B852B2811F9970087917C /* InfoPage.swift */ = {isa = PBXFileReference; lastKnownFileType = sourcecode.swift; path = InfoPage.swift; sourceTree = "<group>"; };
		C97B852D2811FA3B0087917C /* ProductItem.swift */ = {isa = PBXFileReference; lastKnownFileType = sourcecode.swift; path = ProductItem.swift; sourceTree = "<group>"; };
		C97B852F2811FB640087917C /* DummyAPI.swift */ = {isa = PBXFileReference; lastKnownFileType = sourcecode.swift; path = DummyAPI.swift; sourceTree = "<group>"; };
		C97B85312811FBCB0087917C /* DetailsPage.swift */ = {isa = PBXFileReference; lastKnownFileType = sourcecode.swift; path = DetailsPage.swift; sourceTree = "<group>"; };
		C97B85342811FDCC0087917C /* Category.swift */ = {isa = PBXFileReference; lastKnownFileType = sourcecode.swift; path = Category.swift; sourceTree = "<group>"; };
		C97B85362811FDD40087917C /* Product.swift */ = {isa = PBXFileReference; lastKnownFileType = sourcecode.swift; path = Product.swift; sourceTree = "<group>"; };
		C97B85382811FFF80087917C /* MenuManager.swift */ = {isa = PBXFileReference; lastKnownFileType = sourcecode.swift; path = MenuManager.swift; sourceTree = "<group>"; };
		C97B853A281200110087917C /* CartManager.swift */ = {isa = PBXFileReference; lastKnownFileType = sourcecode.swift; path = CartManager.swift; sourceTree = "<group>"; };
		C97B853E281204090087917C /* OrderItem.swift */ = {isa = PBXFileReference; lastKnownFileType = sourcecode.swift; path = OrderItem.swift; sourceTree = "<group>"; };
/* End PBXFileReference section */

/* Begin PBXFrameworksBuildPhase section */
		C97B850D2811D9340087917C /* Frameworks */ = {
			isa = PBXFrameworksBuildPhase;
			buildActionMask = 2147483647;
			files = (
				C97B8542281206610087917C /* Alamofire in Frameworks */,
			);
			runOnlyForDeploymentPostprocessing = 0;
		};
/* End PBXFrameworksBuildPhase section */

/* Begin PBXGroup section */
		C97B85072811D9340087917C = {
			isa = PBXGroup;
			children = (
				C97B85122811D9340087917C /* CoffeeMasters */,
				C97B85112811D9340087917C /* Products */,
			);
			sourceTree = "<group>";
		};
		C97B85112811D9340087917C /* Products */ = {
			isa = PBXGroup;
			children = (
				C97B85102811D9340087917C /* CoffeeMasters.app */,
			);
			name = Products;
			sourceTree = "<group>";
		};
		C97B85122811D9340087917C /* CoffeeMasters */ = {
			isa = PBXGroup;
			children = (
				C97B85332811FDAE0087917C /* Model */,
				C97B85262811F9550087917C /* Page Views */,
				C97B85252811F9450087917C /* Views */,
				C97B85152811D9340087917C /* ContentView.swift */,
				C97B85132811D9340087917C /* CoffeeMastersApp.swift */,
				C97B85172811D9350087917C /* Assets.xcassets */,
				C97B85192811D9350087917C /* Preview Content */,
			);
			path = CoffeeMasters;
			sourceTree = "<group>";
		};
		C97B85192811D9350087917C /* Preview Content */ = {
			isa = PBXGroup;
			children = (
				C97B851A2811D9350087917C /* Preview Assets.xcassets */,
				C97B852F2811FB640087917C /* DummyAPI.swift */,
			);
			path = "Preview Content";
			sourceTree = "<group>";
		};
		C97B85252811F9450087917C /* Views */ = {
			isa = PBXGroup;
			children = (
				C97B85212811EB230087917C /* Offer.swift */,
				C97B852D2811FA3B0087917C /* ProductItem.swift */,
				C97B853E281204090087917C /* OrderItem.swift */,
			);
			path = Views;
			sourceTree = "<group>";
		};
		C97B85262811F9550087917C /* Page Views */ = {
			isa = PBXGroup;
			children = (
				C97B85232811F2A40087917C /* OffersPage.swift */,
				C97B85272811F9850087917C /* MenuPage.swift */,
				C97B85292811F98F0087917C /* OrdersPage.swift */,
				C97B852B2811F9970087917C /* InfoPage.swift */,
				C97B85312811FBCB0087917C /* DetailsPage.swift */,
			);
			path = "Page Views";
			sourceTree = "<group>";
		};
		C97B85332811FDAE0087917C /* Model */ = {
			isa = PBXGroup;
			children = (
				C97B85342811FDCC0087917C /* Category.swift */,
				C97B85362811FDD40087917C /* Product.swift */,
				C97B85382811FFF80087917C /* MenuManager.swift */,
				C97B853A281200110087917C /* CartManager.swift */,
			);
			path = Model;
			sourceTree = "<group>";
		};
/* End PBXGroup section */

/* Begin PBXNativeTarget section */
		C97B850F2811D9340087917C /* CoffeeMasters */ = {
			isa = PBXNativeTarget;
			buildConfigurationList = C97B851E2811D9350087917C /* Build configuration list for PBXNativeTarget "CoffeeMasters" */;
			buildPhases = (
				C97B850C2811D9340087917C /* Sources */,
				C97B850D2811D9340087917C /* Frameworks */,
				C97B850E2811D9340087917C /* Resources */,
			);
			buildRules = (
			);
			dependencies = (
			);
			name = CoffeeMasters;
			packageProductDependencies = (
				C97B8541281206610087917C /* Alamofire */,
			);
			productName = CoffeeMasters;
			productReference = C97B85102811D9340087917C /* CoffeeMasters.app */;
			productType = "com.apple.product-type.application";
		};
/* End PBXNativeTarget section */

/* Begin PBXProject section */
		C97B85082811D9340087917C /* Project object */ = {
			isa = PBXProject;
			attributes = {
				BuildIndependentTargetsInParallel = 1;
				LastSwiftUpdateCheck = 1330;
				LastUpgradeCheck = 1330;
				TargetAttributes = {
					C97B850F2811D9340087917C = {
						CreatedOnToolsVersion = 13.3.1;
					};
				};
			};
			buildConfigurationList = C97B850B2811D9340087917C /* Build configuration list for PBXProject "CoffeeMasters" */;
			compatibilityVersion = "Xcode 13.0";
			developmentRegion = en;
			hasScannedForEncodings = 0;
			knownRegions = (
				en,
				Base,
			);
			mainGroup = C97B85072811D9340087917C;
			packageReferences = (
				C97B8540281206610087917C /* XCRemoteSwiftPackageReference "Alamofire" */,
			);
			productRefGroup = C97B85112811D9340087917C /* Products */;
			projectDirPath = "";
			projectRoot = "";
			targets = (
				C97B850F2811D9340087917C /* CoffeeMasters */,
			);
		};
/* End PBXProject section */

/* Begin PBXResourcesBuildPhase section */
		C97B850E2811D9340087917C /* Resources */ = {
			isa = PBXResourcesBuildPhase;
			buildActionMask = 2147483647;
			files = (
				C97B851B2811D9350087917C /* Preview Assets.xcassets in Resources */,
				C97B85182811D9350087917C /* Assets.xcassets in Resources */,
			);
			runOnlyForDeploymentPostprocessing = 0;
		};
/* End PBXResourcesBuildPhase section */

/* Begin PBXSourcesBuildPhase section */
		C97B850C2811D9340087917C /* Sources */ = {
			isa = PBXSourcesBuildPhase;
			buildActionMask = 2147483647;
			files = (
				C97B85222811EB230087917C /* Offer.swift in Sources */,
				C97B85242811F2A40087917C /* OffersPage.swift in Sources */,
				C97B853F281204090087917C /* OrderItem.swift in Sources */,
				C97B85282811F9850087917C /* MenuPage.swift in Sources */,
				C97B852C2811F9970087917C /* InfoPage.swift in Sources */,
				C97B852E2811FA3B0087917C /* ProductItem.swift in Sources */,
				C97B85392811FFF80087917C /* MenuManager.swift in Sources */,
				C97B85372811FDD40087917C /* Product.swift in Sources */,
				C97B85322811FBCB0087917C /* DetailsPage.swift in Sources */,
				C97B85162811D9340087917C /* ContentView.swift in Sources */,
				C97B853B281200110087917C /* CartManager.swift in Sources */,
				C97B85302811FB650087917C /* DummyAPI.swift in Sources */,
				C97B852A2811F98F0087917C /* OrdersPage.swift in Sources */,
				C97B85142811D9340087917C /* CoffeeMastersApp.swift in Sources */,
				C97B85352811FDCC0087917C /* Category.swift in Sources */,
			);
			runOnlyForDeploymentPostprocessing = 0;
		};
/* End PBXSourcesBuildPhase section */

/* Begin XCBuildConfiguration section */
		C97B851C2811D9350087917C /* Debug */ = {
			isa = XCBuildConfiguration;
			buildSettings = {
				ALWAYS_SEARCH_USER_PATHS = NO;
				CLANG_ANALYZER_NONNULL = YES;
				CLANG_ANALYZER_NUMBER_OBJECT_CONVERSION = YES_AGGRESSIVE;
				CLANG_CXX_LANGUAGE_STANDARD = "gnu++17";
				CLANG_ENABLE_MODULES = YES;
				CLANG_ENABLE_OBJC_ARC = YES;
				CLANG_ENABLE_OBJC_WEAK = YES;
				CLANG_WARN_BLOCK_CAPTURE_AUTORELEASING = YES;
				CLANG_WARN_BOOL_CONVERSION = YES;
				CLANG_WARN_COMMA = YES;
				CLANG_WARN_CONSTANT_CONVERSION = YES;
				CLANG_WARN_DEPRECATED_OBJC_IMPLEMENTATIONS = YES;
				CLANG_WARN_DIRECT_OBJC_ISA_USAGE = YES_ERROR;
				CLANG_WARN_DOCUMENTATION_COMMENTS = YES;
				CLANG_WARN_EMPTY_BODY = YES;
				CLANG_WARN_ENUM_CONVERSION = YES;
				CLANG_WARN_INFINITE_RECURSION = YES;
				CLANG_WARN_INT_CONVERSION = YES;
				CLANG_WARN_NON_LITERAL_NULL_CONVERSION = YES;
				CLANG_WARN_OBJC_IMPLICIT_RETAIN_SELF = YES;
				CLANG_WARN_OBJC_LITERAL_CONVERSION = YES;
				CLANG_WARN_OBJC_ROOT_CLASS = YES_ERROR;
				CLANG_WARN_QUOTED_INCLUDE_IN_FRAMEWORK_HEADER = YES;
				CLANG_WARN_RANGE_LOOP_ANALYSIS = YES;
				CLANG_WARN_STRICT_PROTOTYPES = YES;
				CLANG_WARN_SUSPICIOUS_MOVE = YES;
				CLANG_WARN_UNGUARDED_AVAILABILITY = YES_AGGRESSIVE;
				CLANG_WARN_UNREACHABLE_CODE = YES;
				CLANG_WARN__DUPLICATE_METHOD_MATCH = YES;
				COPY_PHASE_STRIP = NO;
				DEBUG_INFORMATION_FORMAT = dwarf;
				ENABLE_STRICT_OBJC_MSGSEND = YES;
				ENABLE_TESTABILITY = YES;
				GCC_C_LANGUAGE_STANDARD = gnu11;
				GCC_DYNAMIC_NO_PIC = NO;
				GCC_NO_COMMON_BLOCKS = YES;
				GCC_OPTIMIZATION_LEVEL = 0;
				GCC_PREPROCESSOR_DEFINITIONS = (
					"DEBUG=1",
					"$(inherited)",
				);
				GCC_WARN_64_TO_32_BIT_CONVERSION = YES;
				GCC_WARN_ABOUT_RETURN_TYPE = YES_ERROR;
				GCC_WARN_UNDECLARED_SELECTOR = YES;
				GCC_WARN_UNINITIALIZED_AUTOS = YES_AGGRESSIVE;
				GCC_WARN_UNUSED_FUNCTION = YES;
				GCC_WARN_UNUSED_VARIABLE = YES;
				IPHONEOS_DEPLOYMENT_TARGET = 15.4;
				MTL_ENABLE_DEBUG_INFO = INCLUDE_SOURCE;
				MTL_FAST_MATH = YES;
				ONLY_ACTIVE_ARCH = YES;
				SDKROOT = iphoneos;
				SWIFT_ACTIVE_COMPILATION_CONDITIONS = DEBUG;
				SWIFT_OPTIMIZATION_LEVEL = "-Onone";
			};
			name = Debug;
		};
		C97B851D2811D9350087917C /* Release */ = {
			isa = XCBuildConfiguration;
			buildSettings = {
				ALWAYS_SEARCH_USER_PATHS = NO;
				CLANG_ANALYZER_NONNULL = YES;
				CLANG_ANALYZER_NUMBER_OBJECT_CONVERSION = YES_AGGRESSIVE;
				CLANG_CXX_LANGUAGE_STANDARD = "gnu++17";
				CLANG_ENABLE_MODULES = YES;
				CLANG_ENABLE_OBJC_ARC = YES;
				CLANG_ENABLE_OBJC_WEAK = YES;
				CLANG_WARN_BLOCK_CAPTURE_AUTORELEASING = YES;
				CLANG_WARN_BOOL_CONVERSION = YES;
				CLANG_WARN_COMMA = YES;
				CLANG_WARN_CONSTANT_CONVERSION = YES;
				CLANG_WARN_DEPRECATED_OBJC_IMPLEMENTATIONS = YES;
				CLANG_WARN_DIRECT_OBJC_ISA_USAGE = YES_ERROR;
				CLANG_WARN_DOCUMENTATION_COMMENTS = YES;
				CLANG_WARN_EMPTY_BODY = YES;
				CLANG_WARN_ENUM_CONVERSION = YES;
				CLANG_WARN_INFINITE_RECURSION = YES;
				CLANG_WARN_INT_CONVERSION = YES;
				CLANG_WARN_NON_LITERAL_NULL_CONVERSION = YES;
				CLANG_WARN_OBJC_IMPLICIT_RETAIN_SELF = YES;
				CLANG_WARN_OBJC_LITERAL_CONVERSION = YES;
				CLANG_WARN_OBJC_ROOT_CLASS = YES_ERROR;
				CLANG_WARN_QUOTED_INCLUDE_IN_FRAMEWORK_HEADER = YES;
				CLANG_WARN_RANGE_LOOP_ANALYSIS = YES;
				CLANG_WARN_STRICT_PROTOTYPES = YES;
				CLANG_WARN_SUSPICIOUS_MOVE = YES;
				CLANG_WARN_UNGUARDED_AVAILABILITY = YES_AGGRESSIVE;
				CLANG_WARN_UNREACHABLE_CODE = YES;
				CLANG_WARN__DUPLICATE_METHOD_MATCH = YES;
				COPY_PHASE_STRIP = NO;
				DEBUG_INFORMATION_FORMAT = "dwarf-with-dsym";
				ENABLE_NS_ASSERTIONS = NO;
				ENABLE_STRICT_OBJC_MSGSEND = YES;
				GCC_C_LANGUAGE_STANDARD = gnu11;
				GCC_NO_COMMON_BLOCKS = YES;
				GCC_WARN_64_TO_32_BIT_CONVERSION = YES;
				GCC_WARN_ABOUT_RETURN_TYPE = YES_ERROR;
				GCC_WARN_UNDECLARED_SELECTOR = YES;
				GCC_WARN_UNINITIALIZED_AUTOS = YES_AGGRESSIVE;
				GCC_WARN_UNUSED_FUNCTION = YES;
				GCC_WARN_UNUSED_VARIABLE = YES;
				IPHONEOS_DEPLOYMENT_TARGET = 15.4;
				MTL_ENABLE_DEBUG_INFO = NO;
				MTL_FAST_MATH = YES;
				SDKROOT = iphoneos;
				SWIFT_COMPILATION_MODE = wholemodule;
				SWIFT_OPTIMIZATION_LEVEL = "-O";
				VALIDATE_PRODUCT = YES;
			};
			name = Release;
		};
		C97B851F2811D9350087917C /* Debug */ = {
			isa = XCBuildConfiguration;
			buildSettings = {
				ASSETCATALOG_COMPILER_APPICON_NAME = AppIcon;
				ASSETCATALOG_COMPILER_GLOBAL_ACCENT_COLOR_NAME = AccentColor;
				CODE_SIGN_STYLE = Automatic;
				CURRENT_PROJECT_VERSION = 1;
				DEVELOPMENT_ASSET_PATHS = "\"CoffeeMasters/Preview Content\"";
				ENABLE_PREVIEWS = YES;
				GENERATE_INFOPLIST_FILE = YES;
				INFOPLIST_KEY_UIApplicationSceneManifest_Generation = YES;
				INFOPLIST_KEY_UIApplicationSupportsIndirectInputEvents = YES;
				INFOPLIST_KEY_UILaunchScreen_Generation = YES;
				INFOPLIST_KEY_UISupportedInterfaceOrientations_iPad = "UIInterfaceOrientationPortrait UIInterfaceOrientationPortraitUpsideDown UIInterfaceOrientationLandscapeLeft UIInterfaceOrientationLandscapeRight";
				INFOPLIST_KEY_UISupportedInterfaceOrientations_iPhone = "UIInterfaceOrientationPortrait UIInterfaceOrientationLandscapeLeft UIInterfaceOrientationLandscapeRight";
				LD_RUNPATH_SEARCH_PATHS = (
					"$(inherited)",
					"@executable_path/Frameworks",
				);
				MARKETING_VERSION = 1.0;
				PRODUCT_BUNDLE_IDENTIFIER = com.frontendmasters.workshop.CoffeeMasters;
				PRODUCT_NAME = "$(TARGET_NAME)";
				SWIFT_EMIT_LOC_STRINGS = YES;
				SWIFT_VERSION = 5.0;
				TARGETED_DEVICE_FAMILY = 1;
			};
			name = Debug;
		};
		C97B85202811D9350087917C /* Release */ = {
			isa = XCBuildConfiguration;
			buildSettings = {
				ASSETCATALOG_COMPILER_APPICON_NAME = AppIcon;
				ASSETCATALOG_COMPILER_GLOBAL_ACCENT_COLOR_NAME = AccentColor;
				CODE_SIGN_STYLE = Automatic;
				CURRENT_PROJECT_VERSION = 1;
				DEVELOPMENT_ASSET_PATHS = "\"CoffeeMasters/Preview Content\"";
				ENABLE_PREVIEWS = YES;
				GENERATE_INFOPLIST_FILE = YES;
				INFOPLIST_KEY_UIApplicationSceneManifest_Generation = YES;
				INFOPLIST_KEY_UIApplicationSupportsIndirectInputEvents = YES;
				INFOPLIST_KEY_UILaunchScreen_Generation = YES;
				INFOPLIST_KEY_UISupportedInterfaceOrientations_iPad = "UIInterfaceOrientationPortrait UIInterfaceOrientationPortraitUpsideDown UIInterfaceOrientationLandscapeLeft UIInterfaceOrientationLandscapeRight";
				INFOPLIST_KEY_UISupportedInterfaceOrientations_iPhone = "UIInterfaceOrientationPortrait UIInterfaceOrientationLandscapeLeft UIInterfaceOrientationLandscapeRight";
				LD_RUNPATH_SEARCH_PATHS = (
					"$(inherited)",
					"@executable_path/Frameworks",
				);
				MARKETING_VERSION = 1.0;
				PRODUCT_BUNDLE_IDENTIFIER = com.frontendmasters.workshop.CoffeeMasters;
				PRODUCT_NAME = "$(TARGET_NAME)";
				SWIFT_EMIT_LOC_STRINGS = YES;
				SWIFT_VERSION = 5.0;
				TARGETED_DEVICE_FAMILY = 1;
			};
			name = Release;
		};
/* End XCBuildConfiguration section */

/* Begin XCConfigurationList section */
		C97B850B2811D9340087917C /* Build configuration list for PBXProject "CoffeeMasters" */ = {
			isa = XCConfigurationList;
			buildConfigurations = (
				C97B851C2811D9350087917C /* Debug */,
				C97B851D2811D9350087917C /* Release */,
			);
			defaultConfigurationIsVisible = 0;
			defaultConfigurationName = Release;
		};
		C97B851E2811D9350087917C /* Build configuration list for PBXNativeTarget "CoffeeMasters" */ = {
			isa = XCConfigurationList;
			buildConfigurations = (
				C97B851F2811D9350087917C /* Debug */,
				C97B85202811D9350087917C /* Release */,
			);
			defaultConfigurationIsVisible = 0;
			defaultConfigurationName = Release;
		};
/* End XCConfigurationList section */

/* Begin XCRemoteSwiftPackageReference section */
		C97B8540281206610087917C /* XCRemoteSwiftPackageReference "Alamofire" */ = {
			isa = XCRemoteSwiftPackageReference;
			repositoryURL = "https://github.com/Alamofire/Alamofire.git";
			requirement = {
				branch = master;
				kind = branch;
			};
		};
/* End XCRemoteSwiftPackageReference section */

/* Begin XCSwiftPackageProductDependency section */
		C97B8541281206610087917C /* Alamofire */ = {
			isa = XCSwiftPackageProductDependency;
			package = C97B8540281206610087917C /* XCRemoteSwiftPackageReference "Alamofire" */;
			productName = Alamofire;
		};
/* End XCSwiftPackageProductDependency section */
	};
	rootObject = C97B85082811D9340087917C /* Project object */;
}
